
Microsoft Visual Studio Solution File, Format Version 12.00
# Visual Studio Version 17
VisualStudioVersion = 17.8.34511.84
MinimumVisualStudioVersion = 10.0.40219.1
Project("{9A19103F-16F7-4668-BE54-9A1E7A4F7556}") = "Info sequrity", "Info sequrity.csproj", "{FCEC43D8-0B6F-4B5D-BA1B-C1538BC730F9}"
EndProject
Project("{2150E333-8FDC-42A3-9474-1A3956D46DE8}") = "Projects", "Projects", "{144F3864-58B2-4076-BE33-2F45F0C71A41}"
EndProject
Project("{2150E333-8FDC-42A3-9474-1A3956D46DE8}") = "Lab_1", "Lab_1", "{48F2C8EF-D627-4777-B3CC-7BCE542504F8}"
EndProject
Project("{2150E333-8FDC-42A3-9474-1A3956D46DE8}") = "Lab_2", "Lab_2", "{E620CA68-3F0A-402E-A16D-C83E9FB7A9AE}"
EndProject
Project("{9A19103F-16F7-4668-BE54-9A1E7A4F7556}") = "Ex_1", "Projects\Lab_1\Ex_1\Ex_1.csproj", "{66FBEE02-18AC-4E29-81F9-F5C4297954BF}"
EndProject
Project("{9A19103F-16F7-4668-BE54-9A1E7A4F7556}") = "Ex_2", "Projects\Lab_1\Ex_2\Ex_2.csproj", "{F6F41B9F-3E4A-4DB7-8842-B556520C0D14}"
EndProject
Project("{9A19103F-16F7-4668-BE54-9A1E7A4F7556}") = "Ex_1", "Projects\Lab_2\Ex_1\Ex_1.csproj", "{EA0A2426-5BE1-43E6-9C1D-658B1986A1EB}"
EndProject
Project("{2150E333-8FDC-42A3-9474-1A3956D46DE8}") = "Lab_3", "Lab_3", "{D9DBC576-E390-48F3-81E8-79A368A6391B}"
EndProject
Project("{9A19103F-16F7-4668-BE54-9A1E7A4F7556}") = "Ex_1", "Projects\Lab_3\Ex_1\Ex_1.csproj", "{4E4A2A99-E593-4548-BFC7-C153C49503AE}"
EndProject
Project("{2150E333-8FDC-42A3-9474-1A3956D46DE8}") = "Lab_4", "Lab_4", "{D36E76E1-CD3F-4D86-9169-B01199A5F97C}"
EndProject
Project("{9A19103F-16F7-4668-BE54-9A1E7A4F7556}") = "Ex_1", "Projects\Lab_4\Ex_1\Ex_1.csproj", "{B03B4E1E-7422-4656-BD3D-A00FA337CF11}"
EndProject
Project("{2150E333-8FDC-42A3-9474-1A3956D46DE8}") = "Lab_5", "Lab_5", "{35BF3758-B01D-4C95-A7A4-4BE2A3AB3ED3}"
EndProject
Project("{9A19103F-16F7-4668-BE54-9A1E7A4F7556}") = "Ex_1", "Projects\Lab_5\Ex_1\Ex_1.csproj", "{993ADD43-9CC4-4BCD-8BFD-AB849489D830}"
EndProject
Project("{9A19103F-16F7-4668-BE54-9A1E7A4F7556}") = "Ex_2", "Projects\Lab_3\Ex_2\Ex_2.csproj", "{4C80F692-2271-4C0E-817E-988E64BEA85A}"
EndProject
Project("{9A19103F-16F7-4668-BE54-9A1E7A4F7556}") = "Ex_3", "Projects\Lab_3\Ex_3\Ex_3.csproj", "{1F0DA28A-1FD1-4035-9E76-F9E7D3B53114}"
EndProject
Project("{9A19103F-16F7-4668-BE54-9A1E7A4F7556}") = "Ex_2_", "Projects\Lab_4\Test\Ex_2_.csproj", "{21A8289A-0EF2-4753-9528-A5ACFC659964}"
EndProject
Project("{2150E333-8FDC-42A3-9474-1A3956D46DE8}") = "Lab_6", "Lab_6", "{19A3A01C-2C55-40E5-979B-D4077760D011}"
EndProject
Project("{9A19103F-16F7-4668-BE54-9A1E7A4F7556}") = "Ex_1", "Projects\Lab_6\Ex_1\Ex_1.csproj", "{40323AED-DDB5-4833-A15A-2CFD018EBFB2}"
EndProject
Project("{9A19103F-16F7-4668-BE54-9A1E7A4F7556}") = "Ex_2", "Projects\Lab_6\Ex_2\Ex_2.csproj", "{FF3CBFB3-B17E-441C-958B-F80486E67629}"
EndProject
Project("{9A19103F-16F7-4668-BE54-9A1E7A4F7556}") = "Ex_3", "Projects\Lab_6\Ex_3\Ex_3.csproj", "{124CFB50-7F53-4DD4-83FA-238CDA242815}"
EndProject
Project("{9A19103F-16F7-4668-BE54-9A1E7A4F7556}") = "Ex_2_", "Projects\Lab_5\Ex_2\Ex_2_.csproj", "{8EFBD5F6-8E58-44BE-8E8D-96A9D6E88331}"
EndProject
Project("{9A19103F-16F7-4668-BE54-9A1E7A4F7556}") = "Ex_3", "Projects\Lab_4\Ex_3\Ex_3.csproj", "{3078F1C5-875B-4952-A1C1-052D6F602CDB}"
EndProject
Project("{2150E333-8FDC-42A3-9474-1A3956D46DE8}") = "Lab_7", "Lab_7", "{3D1C2426-8FDF-4782-8D15-A9BBB14A22B1}"
EndProject
Project("{9A19103F-16F7-4668-BE54-9A1E7A4F7556}") = "Ex_1", "Projects\Lab_7\Ex_1\Ex_1.csproj", "{81C7A712-EAE6-429D-8FA6-FBAF4B42C219}"
EndProject
Global
	GlobalSection(SolutionConfigurationPlatforms) = preSolution
		Debug|Any CPU = Debug|Any CPU
		Release|Any CPU = Release|Any CPU
	EndGlobalSection
	GlobalSection(ProjectConfigurationPlatforms) = postSolution
		{FCEC43D8-0B6F-4B5D-BA1B-C1538BC730F9}.Debug|Any CPU.ActiveCfg = Debug|Any CPU
		{FCEC43D8-0B6F-4B5D-BA1B-C1538BC730F9}.Debug|Any CPU.Build.0 = Debug|Any CPU
		{FCEC43D8-0B6F-4B5D-BA1B-C1538BC730F9}.Release|Any CPU.ActiveCfg = Release|Any CPU
		{FCEC43D8-0B6F-4B5D-BA1B-C1538BC730F9}.Release|Any CPU.Build.0 = Release|Any CPU
		{66FBEE02-18AC-4E29-81F9-F5C4297954BF}.Debug|Any CPU.ActiveCfg = Debug|Any CPU
		{66FBEE02-18AC-4E29-81F9-F5C4297954BF}.Debug|Any CPU.Build.0 = Debug|Any CPU
		{66FBEE02-18AC-4E29-81F9-F5C4297954BF}.Release|Any CPU.ActiveCfg = Release|Any CPU
		{66FBEE02-18AC-4E29-81F9-F5C4297954BF}.Release|Any CPU.Build.0 = Release|Any CPU
		{F6F41B9F-3E4A-4DB7-8842-B556520C0D14}.Debug|Any CPU.ActiveCfg = Debug|Any CPU
		{F6F41B9F-3E4A-4DB7-8842-B556520C0D14}.Debug|Any CPU.Build.0 = Debug|Any CPU
		{F6F41B9F-3E4A-4DB7-8842-B556520C0D14}.Release|Any CPU.ActiveCfg = Release|Any CPU
		{F6F41B9F-3E4A-4DB7-8842-B556520C0D14}.Release|Any CPU.Build.0 = Release|Any CPU
		{EA0A2426-5BE1-43E6-9C1D-658B1986A1EB}.Debug|Any CPU.ActiveCfg = Debug|Any CPU
		{EA0A2426-5BE1-43E6-9C1D-658B1986A1EB}.Debug|Any CPU.Build.0 = Debug|Any CPU
		{EA0A2426-5BE1-43E6-9C1D-658B1986A1EB}.Release|Any CPU.ActiveCfg = Release|Any CPU
		{EA0A2426-5BE1-43E6-9C1D-658B1986A1EB}.Release|Any CPU.Build.0 = Release|Any CPU
		{4E4A2A99-E593-4548-BFC7-C153C49503AE}.Debug|Any CPU.ActiveCfg = Debug|Any CPU
		{4E4A2A99-E593-4548-BFC7-C153C49503AE}.Debug|Any CPU.Build.0 = Debug|Any CPU
		{4E4A2A99-E593-4548-BFC7-C153C49503AE}.Release|Any CPU.ActiveCfg = Release|Any CPU
		{4E4A2A99-E593-4548-BFC7-C153C49503AE}.Release|Any CPU.Build.0 = Release|Any CPU
		{B03B4E1E-7422-4656-BD3D-A00FA337CF11}.Debug|Any CPU.ActiveCfg = Debug|Any CPU
		{B03B4E1E-7422-4656-BD3D-A00FA337CF11}.Debug|Any CPU.Build.0 = Debug|Any CPU
		{B03B4E1E-7422-4656-BD3D-A00FA337CF11}.Release|Any CPU.ActiveCfg = Release|Any CPU
		{B03B4E1E-7422-4656-BD3D-A00FA337CF11}.Release|Any CPU.Build.0 = Release|Any CPU
		{993ADD43-9CC4-4BCD-8BFD-AB849489D830}.Debug|Any CPU.ActiveCfg = Debug|Any CPU
		{993ADD43-9CC4-4BCD-8BFD-AB849489D830}.Debug|Any CPU.Build.0 = Debug|Any CPU
		{993ADD43-9CC4-4BCD-8BFD-AB849489D830}.Release|Any CPU.ActiveCfg = Release|Any CPU
		{993ADD43-9CC4-4BCD-8BFD-AB849489D830}.Release|Any CPU.Build.0 = Release|Any CPU
		{4C80F692-2271-4C0E-817E-988E64BEA85A}.Debug|Any CPU.ActiveCfg = Debug|Any CPU
		{4C80F692-2271-4C0E-817E-988E64BEA85A}.Debug|Any CPU.Build.0 = Debug|Any CPU
		{4C80F692-2271-4C0E-817E-988E64BEA85A}.Release|Any CPU.ActiveCfg = Release|Any CPU
		{4C80F692-2271-4C0E-817E-988E64BEA85A}.Release|Any CPU.Build.0 = Release|Any CPU
		{1F0DA28A-1FD1-4035-9E76-F9E7D3B53114}.Debug|Any CPU.ActiveCfg = Debug|Any CPU
		{1F0DA28A-1FD1-4035-9E76-F9E7D3B53114}.Debug|Any CPU.Build.0 = Debug|Any CPU
		{1F0DA28A-1FD1-4035-9E76-F9E7D3B53114}.Release|Any CPU.ActiveCfg = Release|Any CPU
		{1F0DA28A-1FD1-4035-9E76-F9E7D3B53114}.Release|Any CPU.Build.0 = Release|Any CPU
		{21A8289A-0EF2-4753-9528-A5ACFC659964}.Debug|Any CPU.ActiveCfg = Debug|Any CPU
		{21A8289A-0EF2-4753-9528-A5ACFC659964}.Debug|Any CPU.Build.0 = Debug|Any CPU
		{21A8289A-0EF2-4753-9528-A5ACFC659964}.Release|Any CPU.ActiveCfg = Release|Any CPU
		{21A8289A-0EF2-4753-9528-A5ACFC659964}.Release|Any CPU.Build.0 = Release|Any CPU
		{40323AED-DDB5-4833-A15A-2CFD018EBFB2}.Debug|Any CPU.ActiveCfg = Debug|Any CPU
		{40323AED-DDB5-4833-A15A-2CFD018EBFB2}.Debug|Any CPU.Build.0 = Debug|Any CPU
		{40323AED-DDB5-4833-A15A-2CFD018EBFB2}.Release|Any CPU.ActiveCfg = Release|Any CPU
		{40323AED-DDB5-4833-A15A-2CFD018EBFB2}.Release|Any CPU.Build.0 = Release|Any CPU
		{FF3CBFB3-B17E-441C-958B-F80486E67629}.Debug|Any CPU.ActiveCfg = Debug|Any CPU
		{FF3CBFB3-B17E-441C-958B-F80486E67629}.Debug|Any CPU.Build.0 = Debug|Any CPU
		{FF3CBFB3-B17E-441C-958B-F80486E67629}.Release|Any CPU.ActiveCfg = Release|Any CPU
		{FF3CBFB3-B17E-441C-958B-F80486E67629}.Release|Any CPU.Build.0 = Release|Any CPU
		{124CFB50-7F53-4DD4-83FA-238CDA242815}.Debug|Any CPU.ActiveCfg = Debug|Any CPU
		{124CFB50-7F53-4DD4-83FA-238CDA242815}.Debug|Any CPU.Build.0 = Debug|Any CPU
		{124CFB50-7F53-4DD4-83FA-238CDA242815}.Release|Any CPU.ActiveCfg = Release|Any CPU
		{124CFB50-7F53-4DD4-83FA-238CDA242815}.Release|Any CPU.Build.0 = Release|Any CPU
		{8EFBD5F6-8E58-44BE-8E8D-96A9D6E88331}.Debug|Any CPU.ActiveCfg = Debug|Any CPU
		{8EFBD5F6-8E58-44BE-8E8D-96A9D6E88331}.Debug|Any CPU.Build.0 = Debug|Any CPU
		{8EFBD5F6-8E58-44BE-8E8D-96A9D6E88331}.Release|Any CPU.ActiveCfg = Release|Any CPU
		{8EFBD5F6-8E58-44BE-8E8D-96A9D6E88331}.Release|Any CPU.Build.0 = Release|Any CPU
		{3078F1C5-875B-4952-A1C1-052D6F602CDB}.Debug|Any CPU.ActiveCfg = Debug|Any CPU
		{3078F1C5-875B-4952-A1C1-052D6F602CDB}.Debug|Any CPU.Build.0 = Debug|Any CPU
		{3078F1C5-875B-4952-A1C1-052D6F602CDB}.Release|Any CPU.ActiveCfg = Release|Any CPU
		{3078F1C5-875B-4952-A1C1-052D6F602CDB}.Release|Any CPU.Build.0 = Release|Any CPU
		{81C7A712-EAE6-429D-8FA6-FBAF4B42C219}.Debug|Any CPU.ActiveCfg = Debug|Any CPU
		{81C7A712-EAE6-429D-8FA6-FBAF4B42C219}.Debug|Any CPU.Build.0 = Debug|Any CPU
		{81C7A712-EAE6-429D-8FA6-FBAF4B42C219}.Release|Any CPU.ActiveCfg = Release|Any CPU
		{81C7A712-EAE6-429D-8FA6-FBAF4B42C219}.Release|Any CPU.Build.0 = Release|Any CPU
	EndGlobalSection
	GlobalSection(SolutionProperties) = preSolution
		HideSolutionNode = FALSE
	EndGlobalSection
	GlobalSection(NestedProjects) = preSolution
		{48F2C8EF-D627-4777-B3CC-7BCE542504F8} = {144F3864-58B2-4076-BE33-2F45F0C71A41}
		{E620CA68-3F0A-402E-A16D-C83E9FB7A9AE} = {144F3864-58B2-4076-BE33-2F45F0C71A41}
		{66FBEE02-18AC-4E29-81F9-F5C4297954BF} = {48F2C8EF-D627-4777-B3CC-7BCE542504F8}
		{F6F41B9F-3E4A-4DB7-8842-B556520C0D14} = {48F2C8EF-D627-4777-B3CC-7BCE542504F8}
		{EA0A2426-5BE1-43E6-9C1D-658B1986A1EB} = {E620CA68-3F0A-402E-A16D-C83E9FB7A9AE}
		{D9DBC576-E390-48F3-81E8-79A368A6391B} = {144F3864-58B2-4076-BE33-2F45F0C71A41}
		{4E4A2A99-E593-4548-BFC7-C153C49503AE} = {D9DBC576-E390-48F3-81E8-79A368A6391B}
		{D36E76E1-CD3F-4D86-9169-B01199A5F97C} = {144F3864-58B2-4076-BE33-2F45F0C71A41}
		{B03B4E1E-7422-4656-BD3D-A00FA337CF11} = {D36E76E1-CD3F-4D86-9169-B01199A5F97C}
		{35BF3758-B01D-4C95-A7A4-4BE2A3AB3ED3} = {144F3864-58B2-4076-BE33-2F45F0C71A41}
		{993ADD43-9CC4-4BCD-8BFD-AB849489D830} = {35BF3758-B01D-4C95-A7A4-4BE2A3AB3ED3}
		{4C80F692-2271-4C0E-817E-988E64BEA85A} = {D9DBC576-E390-48F3-81E8-79A368A6391B}
		{1F0DA28A-1FD1-4035-9E76-F9E7D3B53114} = {D9DBC576-E390-48F3-81E8-79A368A6391B}
		{21A8289A-0EF2-4753-9528-A5ACFC659964} = {D36E76E1-CD3F-4D86-9169-B01199A5F97C}
		{19A3A01C-2C55-40E5-979B-D4077760D011} = {144F3864-58B2-4076-BE33-2F45F0C71A41}
		{40323AED-DDB5-4833-A15A-2CFD018EBFB2} = {19A3A01C-2C55-40E5-979B-D4077760D011}
		{FF3CBFB3-B17E-441C-958B-F80486E67629} = {19A3A01C-2C55-40E5-979B-D4077760D011}
		{124CFB50-7F53-4DD4-83FA-238CDA242815} = {19A3A01C-2C55-40E5-979B-D4077760D011}
		{8EFBD5F6-8E58-44BE-8E8D-96A9D6E88331} = {35BF3758-B01D-4C95-A7A4-4BE2A3AB3ED3}
		{3078F1C5-875B-4952-A1C1-052D6F602CDB} = {D36E76E1-CD3F-4D86-9169-B01199A5F97C}
		{3D1C2426-8FDF-4782-8D15-A9BBB14A22B1} = {144F3864-58B2-4076-BE33-2F45F0C71A41}
		{81C7A712-EAE6-429D-8FA6-FBAF4B42C219} = {3D1C2426-8FDF-4782-8D15-A9BBB14A22B1}
	EndGlobalSection
	GlobalSection(ExtensibilityGlobals) = postSolution
		SolutionGuid = {19C3432B-EEF0-42E7-83FE-0997830CB1E2}
	EndGlobalSection
EndGlobal
